
Microsoft Visual Studio Solution File, Format Version 12.00
# Visual Studio Version 17
VisualStudioVersion = 17.7.34031.279
MinimumVisualStudioVersion = 10.0.40219.1
Project("{9A19103F-16F7-4668-BE54-9A1E7A4F7556}") = "LabWork1", "LabWork1.csproj", "{1D403068-287E-4367-91E7-06EE3B380A6C}"
EndProject
Project("{FAE04EC0-301F-11D3-BF4B-00C04F79EFBC}") = "LabWork1Server", "..\LabWork1Server\LabWork1Server.csproj", "{0B617BC5-86AD-4CC7-BC2C-63744F987637}"
EndProject
Global
	GlobalSection(SolutionConfigurationPlatforms) = preSolution
		Debug|Any CPU = Debug|Any CPU
		Release|Any CPU = Release|Any CPU
	EndGlobalSection
	GlobalSection(ProjectConfigurationPlatforms) = postSolution
		{1D403068-287E-4367-91E7-06EE3B380A6C}.Debug|Any CPU.ActiveCfg = Debug|Any CPU
		{1D403068-287E-4367-91E7-06EE3B380A6C}.Debug|Any CPU.Build.0 = Debug|Any CPU
		{1D403068-287E-4367-91E7-06EE3B380A6C}.Release|Any CPU.ActiveCfg = Release|Any CPU
		{1D403068-287E-4367-91E7-06EE3B380A6C}.Release|Any CPU.Build.0 = Release|Any CPU
		{0B617BC5-86AD-4CC7-BC2C-63744F987637}.Debug|Any CPU.ActiveCfg = Debug|Any CPU
		{0B617BC5-86AD-4CC7-BC2C-63744F987637}.Debug|Any CPU.Build.0 = Debug|Any CPU
		{0B617BC5-86AD-4CC7-BC2C-63744F987637}.Release|Any CPU.ActiveCfg = Release|Any CPU
		{0B617BC5-86AD-4CC7-BC2C-63744F987637}.Release|Any CPU.Build.0 = Release|Any CPU
	EndGlobalSection
	GlobalSection(SolutionProperties) = preSolution
		HideSolutionNode = FALSE
	EndGlobalSection
	GlobalSection(ExtensibilityGlobals) = postSolution
		SolutionGuid = {944173FD-A921-4995-9888-FB8469E7ABA3}
	EndGlobalSection
EndGlobal
